
Microsoft Visual Studio Solution File, Format Version 12.00
# Visual Studio Version 17
VisualStudioVersion = 17.14.36414.22 d17.14
MinimumVisualStudioVersion = 10.0.40219.1
Project("{FAE04EC0-301F-11D3-BF4B-00C04F79EFBC}") = "DPM225512_VoKhoaNguyen_Pattern17_Mediator", "DPM225512_VoKhoaNguyen_Pattern17_Mediator\DPM225512_VoKhoaNguyen_Pattern17_Mediator.csproj", "{1428C897-5F0C-4025-A2EA-FA2C9C8552C9}"
EndProject
Project("{FAE04EC0-301F-11D3-BF4B-00C04F79EFBC}") = "DPM225512_VoKhoaNguyen_RealWorld17_Mediator", "DPM225512_VoKhoaNguyen_RealWorld17_Mediator\DPM225512_VoKhoaNguyen_RealWorld17_Mediator.csproj", "{79E648B1-4BCC-4C29-813B-5E82BA430702}"
EndProject
Global
	GlobalSection(SolutionConfigurationPlatforms) = preSolution
		Debug|Any CPU = Debug|Any CPU
		Release|Any CPU = Release|Any CPU
	EndGlobalSection
	GlobalSection(ProjectConfigurationPlatforms) = postSolution
		{1428C897-5F0C-4025-A2EA-FA2C9C8552C9}.Debug|Any CPU.ActiveCfg = Debug|Any CPU
		{1428C897-5F0C-4025-A2EA-FA2C9C8552C9}.Debug|Any CPU.Build.0 = Debug|Any CPU
		{1428C897-5F0C-4025-A2EA-FA2C9C8552C9}.Release|Any CPU.ActiveCfg = Release|Any CPU
		{1428C897-5F0C-4025-A2EA-FA2C9C8552C9}.Release|Any CPU.Build.0 = Release|Any CPU
		{79E648B1-4BCC-4C29-813B-5E82BA430702}.Debug|Any CPU.ActiveCfg = Debug|Any CPU
		{79E648B1-4BCC-4C29-813B-5E82BA430702}.Debug|Any CPU.Build.0 = Debug|Any CPU
		{79E648B1-4BCC-4C29-813B-5E82BA430702}.Release|Any CPU.ActiveCfg = Release|Any CPU
		{79E648B1-4BCC-4C29-813B-5E82BA430702}.Release|Any CPU.Build.0 = Release|Any CPU
	EndGlobalSection
	GlobalSection(SolutionProperties) = preSolution
		HideSolutionNode = FALSE
	EndGlobalSection
	GlobalSection(ExtensibilityGlobals) = postSolution
		SolutionGuid = {6D9AB5D4-38FE-4FCB-A99E-A84688C9B514}
	EndGlobalSection
EndGlobal
