
Microsoft Visual Studio Solution File, Format Version 12.00
# Visual Studio Version 17
VisualStudioVersion = 17.14.36414.22 d17.14
MinimumVisualStudioVersion = 10.0.40219.1
Project("{FAE04EC0-301F-11D3-BF4B-00C04F79EFBC}") = "DPM225512_VoKhoaNguyen_Pattern04_Prototype", "DPM225512_VoKhoaNguyen_Pattern04_Prototype\DPM225512_VoKhoaNguyen_Pattern04_Prototype.csproj", "{72464A3A-84A3-4CE4-9B0E-C0273C711C12}"
EndProject
Project("{FAE04EC0-301F-11D3-BF4B-00C04F79EFBC}") = "DPM225512_VoKhoaNguyen_RealWorld04_Prototype", "DPM225512_VoKhoaNguyen_RealWorld04_Prototype\DPM225512_VoKhoaNguyen_RealWorld04_Prototype.csproj", "{D7C71AF2-2603-4015-850E-614400C76FEC}"
EndProject
Project("{FAE04EC0-301F-11D3-BF4B-00C04F79EFBC}") = "DPM225512_VoKhoaNguyen_RealMe04_Prototype", "DPM225512_VoKhoaNguyen_RealMe04_Prototype\DPM225512_VoKhoaNguyen_RealMe04_Prototype.csproj", "{674B15DD-34D4-4393-8032-517ABC389700}"
EndProject
Global
	GlobalSection(SolutionConfigurationPlatforms) = preSolution
		Debug|Any CPU = Debug|Any CPU
		Release|Any CPU = Release|Any CPU
	EndGlobalSection
	GlobalSection(ProjectConfigurationPlatforms) = postSolution
		{72464A3A-84A3-4CE4-9B0E-C0273C711C12}.Debug|Any CPU.ActiveCfg = Debug|Any CPU
		{72464A3A-84A3-4CE4-9B0E-C0273C711C12}.Debug|Any CPU.Build.0 = Debug|Any CPU
		{72464A3A-84A3-4CE4-9B0E-C0273C711C12}.Release|Any CPU.ActiveCfg = Release|Any CPU
		{72464A3A-84A3-4CE4-9B0E-C0273C711C12}.Release|Any CPU.Build.0 = Release|Any CPU
		{D7C71AF2-2603-4015-850E-614400C76FEC}.Debug|Any CPU.ActiveCfg = Debug|Any CPU
		{D7C71AF2-2603-4015-850E-614400C76FEC}.Debug|Any CPU.Build.0 = Debug|Any CPU
		{D7C71AF2-2603-4015-850E-614400C76FEC}.Release|Any CPU.ActiveCfg = Release|Any CPU
		{D7C71AF2-2603-4015-850E-614400C76FEC}.Release|Any CPU.Build.0 = Release|Any CPU
		{674B15DD-34D4-4393-8032-517ABC389700}.Debug|Any CPU.ActiveCfg = Debug|Any CPU
		{674B15DD-34D4-4393-8032-517ABC389700}.Debug|Any CPU.Build.0 = Debug|Any CPU
		{674B15DD-34D4-4393-8032-517ABC389700}.Release|Any CPU.ActiveCfg = Release|Any CPU
		{674B15DD-34D4-4393-8032-517ABC389700}.Release|Any CPU.Build.0 = Release|Any CPU
	EndGlobalSection
	GlobalSection(SolutionProperties) = preSolution
		HideSolutionNode = FALSE
	EndGlobalSection
	GlobalSection(ExtensibilityGlobals) = postSolution
		SolutionGuid = {88E9C1E4-7827-463C-8314-D37B0297A6E1}
	EndGlobalSection
EndGlobal
