
Microsoft Visual Studio Solution File, Format Version 12.00
# Visual Studio Version 17
VisualStudioVersion = 17.14.36414.22 d17.14
MinimumVisualStudioVersion = 10.0.40219.1
Project("{FAE04EC0-301F-11D3-BF4B-00C04F79EFBC}") = "DPM225512_VoKhoaNguyen_Pattern18_Memento", "DPM225512_VoKhoaNguyen_Pattern18_Memento\DPM225512_VoKhoaNguyen_Pattern18_Memento.csproj", "{8730D534-8450-41FF-BEE4-B512254119CA}"
EndProject
Project("{FAE04EC0-301F-11D3-BF4B-00C04F79EFBC}") = "DPM225512_VoKhoaNguyen_RealWorld18_Memento", "DPM225512_VoKhoaNguyen_RealWorld18_Memento\DPM225512_VoKhoaNguyen_RealWorld18_Memento.csproj", "{EB69D6ED-8F49-4EC3-879B-C0457693E8E9}"
EndProject
Project("{FAE04EC0-301F-11D3-BF4B-00C04F79EFBC}") = "DPM225512_VoKhoaNguyen_RealMe18_Memento", "DPM225512_VoKhoaNguyen_RealMe18_Memento\DPM225512_VoKhoaNguyen_RealMe18_Memento.csproj", "{7F175DD4-8361-4936-A41D-92BAFEC69D03}"
EndProject
Global
	GlobalSection(SolutionConfigurationPlatforms) = preSolution
		Debug|Any CPU = Debug|Any CPU
		Release|Any CPU = Release|Any CPU
	EndGlobalSection
	GlobalSection(ProjectConfigurationPlatforms) = postSolution
		{8730D534-8450-41FF-BEE4-B512254119CA}.Debug|Any CPU.ActiveCfg = Debug|Any CPU
		{8730D534-8450-41FF-BEE4-B512254119CA}.Debug|Any CPU.Build.0 = Debug|Any CPU
		{8730D534-8450-41FF-BEE4-B512254119CA}.Release|Any CPU.ActiveCfg = Release|Any CPU
		{8730D534-8450-41FF-BEE4-B512254119CA}.Release|Any CPU.Build.0 = Release|Any CPU
		{EB69D6ED-8F49-4EC3-879B-C0457693E8E9}.Debug|Any CPU.ActiveCfg = Debug|Any CPU
		{EB69D6ED-8F49-4EC3-879B-C0457693E8E9}.Debug|Any CPU.Build.0 = Debug|Any CPU
		{EB69D6ED-8F49-4EC3-879B-C0457693E8E9}.Release|Any CPU.ActiveCfg = Release|Any CPU
		{EB69D6ED-8F49-4EC3-879B-C0457693E8E9}.Release|Any CPU.Build.0 = Release|Any CPU
		{7F175DD4-8361-4936-A41D-92BAFEC69D03}.Debug|Any CPU.ActiveCfg = Debug|Any CPU
		{7F175DD4-8361-4936-A41D-92BAFEC69D03}.Debug|Any CPU.Build.0 = Debug|Any CPU
		{7F175DD4-8361-4936-A41D-92BAFEC69D03}.Release|Any CPU.ActiveCfg = Release|Any CPU
		{7F175DD4-8361-4936-A41D-92BAFEC69D03}.Release|Any CPU.Build.0 = Release|Any CPU
	EndGlobalSection
	GlobalSection(SolutionProperties) = preSolution
		HideSolutionNode = FALSE
	EndGlobalSection
	GlobalSection(ExtensibilityGlobals) = postSolution
		SolutionGuid = {2CF49E71-F15F-400D-81AF-E0DCA76FFCA4}
	EndGlobalSection
EndGlobal
