
Microsoft Visual Studio Solution File, Format Version 12.00
# Visual Studio Version 17
VisualStudioVersion = 17.14.36414.22 d17.14
MinimumVisualStudioVersion = 10.0.40219.1
Project("{FAE04EC0-301F-11D3-BF4B-00C04F79EFBC}") = "DPM225512_VoKhoaNguyen_Pattern15_Interpreter", "DPM225512_VoKhoaNguyen_Pattern15_Interpreter\DPM225512_VoKhoaNguyen_Pattern15_Interpreter.csproj", "{C26D11DE-623F-46AE-995B-DCDACB204CDA}"
EndProject
Project("{FAE04EC0-301F-11D3-BF4B-00C04F79EFBC}") = "DPM225512_VoKhoaNguyen_RealWorld15_Interpreter", "DPM225512_VoKhoaNguyen_RealWorld15_Interpreter\DPM225512_VoKhoaNguyen_RealWorld15_Interpreter.csproj", "{6724BD42-26ED-43FF-A664-DF5F102BD0D8}"
EndProject
Project("{FAE04EC0-301F-11D3-BF4B-00C04F79EFBC}") = "DPM225512_VoKhoaNguyen_RealMe15_Interpreter", "DPM225512_VoKhoaNguyen_RealMe15_Interpreter\DPM225512_VoKhoaNguyen_RealMe15_Interpreter.csproj", "{B036E581-7D6D-4B35-941B-40AB64BA2E2F}"
EndProject
Global
	GlobalSection(SolutionConfigurationPlatforms) = preSolution
		Debug|Any CPU = Debug|Any CPU
		Release|Any CPU = Release|Any CPU
	EndGlobalSection
	GlobalSection(ProjectConfigurationPlatforms) = postSolution
		{C26D11DE-623F-46AE-995B-DCDACB204CDA}.Debug|Any CPU.ActiveCfg = Debug|Any CPU
		{C26D11DE-623F-46AE-995B-DCDACB204CDA}.Debug|Any CPU.Build.0 = Debug|Any CPU
		{C26D11DE-623F-46AE-995B-DCDACB204CDA}.Release|Any CPU.ActiveCfg = Release|Any CPU
		{C26D11DE-623F-46AE-995B-DCDACB204CDA}.Release|Any CPU.Build.0 = Release|Any CPU
		{6724BD42-26ED-43FF-A664-DF5F102BD0D8}.Debug|Any CPU.ActiveCfg = Debug|Any CPU
		{6724BD42-26ED-43FF-A664-DF5F102BD0D8}.Debug|Any CPU.Build.0 = Debug|Any CPU
		{6724BD42-26ED-43FF-A664-DF5F102BD0D8}.Release|Any CPU.ActiveCfg = Release|Any CPU
		{6724BD42-26ED-43FF-A664-DF5F102BD0D8}.Release|Any CPU.Build.0 = Release|Any CPU
		{B036E581-7D6D-4B35-941B-40AB64BA2E2F}.Debug|Any CPU.ActiveCfg = Debug|Any CPU
		{B036E581-7D6D-4B35-941B-40AB64BA2E2F}.Debug|Any CPU.Build.0 = Debug|Any CPU
		{B036E581-7D6D-4B35-941B-40AB64BA2E2F}.Release|Any CPU.ActiveCfg = Release|Any CPU
		{B036E581-7D6D-4B35-941B-40AB64BA2E2F}.Release|Any CPU.Build.0 = Release|Any CPU
	EndGlobalSection
	GlobalSection(SolutionProperties) = preSolution
		HideSolutionNode = FALSE
	EndGlobalSection
	GlobalSection(ExtensibilityGlobals) = postSolution
		SolutionGuid = {4223D8B6-E2F8-4A85-B52C-092CC1D5462F}
	EndGlobalSection
EndGlobal
