
Microsoft Visual Studio Solution File, Format Version 12.00
# Visual Studio Version 17
VisualStudioVersion = 17.14.36414.22 d17.14
MinimumVisualStudioVersion = 10.0.40219.1
Project("{FAE04EC0-301F-11D3-BF4B-00C04F79EFBC}") = "DPM225512_VoKhoaNguyen_Pattern05_Singleton", "DPM225512_VoKhoaNguyen_Pattern05_Singleton\DPM225512_VoKhoaNguyen_Pattern05_Singleton.csproj", "{8EB357F4-D8D1-4462-89D6-1895CBE8A468}"
EndProject
Project("{FAE04EC0-301F-11D3-BF4B-00C04F79EFBC}") = "DPM225512_VoKhoaNguyen_RealWorld05_Singleton", "DPM225512_VoKhoaNguyen_RealWorld05_Singleton\DPM225512_VoKhoaNguyen_RealWorld05_Singleton.csproj", "{06735167-8EA0-4A1F-8F2F-A29BA3101D27}"
EndProject
Global
	GlobalSection(SolutionConfigurationPlatforms) = preSolution
		Debug|Any CPU = Debug|Any CPU
		Release|Any CPU = Release|Any CPU
	EndGlobalSection
	GlobalSection(ProjectConfigurationPlatforms) = postSolution
		{8EB357F4-D8D1-4462-89D6-1895CBE8A468}.Debug|Any CPU.ActiveCfg = Debug|Any CPU
		{8EB357F4-D8D1-4462-89D6-1895CBE8A468}.Debug|Any CPU.Build.0 = Debug|Any CPU
		{8EB357F4-D8D1-4462-89D6-1895CBE8A468}.Release|Any CPU.ActiveCfg = Release|Any CPU
		{8EB357F4-D8D1-4462-89D6-1895CBE8A468}.Release|Any CPU.Build.0 = Release|Any CPU
		{06735167-8EA0-4A1F-8F2F-A29BA3101D27}.Debug|Any CPU.ActiveCfg = Debug|Any CPU
		{06735167-8EA0-4A1F-8F2F-A29BA3101D27}.Debug|Any CPU.Build.0 = Debug|Any CPU
		{06735167-8EA0-4A1F-8F2F-A29BA3101D27}.Release|Any CPU.ActiveCfg = Release|Any CPU
		{06735167-8EA0-4A1F-8F2F-A29BA3101D27}.Release|Any CPU.Build.0 = Release|Any CPU
	EndGlobalSection
	GlobalSection(SolutionProperties) = preSolution
		HideSolutionNode = FALSE
	EndGlobalSection
	GlobalSection(ExtensibilityGlobals) = postSolution
		SolutionGuid = {11EEDF03-7539-49D2-8658-CAB2F1F190EE}
	EndGlobalSection
EndGlobal
